// !$*UTF8*$!
{
	archiveVersion = 1;
	classes = {
	};
	objectVersion = 55;
	objects = {

/* Begin PBXBuildFile section */
		8C58A65D27D620BC0081FABC /* moveAMLBinariesToStandalone.swift in Sources */ = {isa = PBXBuildFile; fileRef = 8C58A65C27D620BC0081FABC /* moveAMLBinariesToStandalone.swift */; };
		8C58A65F27D642EF0081FABC /* fixPickerMode.swift in Sources */ = {isa = PBXBuildFile; fileRef = 8C58A65E27D642EF0081FABC /* fixPickerMode.swift */; };
		8C7841D127CCCCA5008C8E2A /* generateNewDriverStructType.swift in Sources */ = {isa = PBXBuildFile; fileRef = 8C7841D027CCCCA5008C8E2A /* generateNewDriverStructType.swift */; };
		8C7841D327CD4D10008C8E2A /* getValueWhenTypeDiffers.swift in Sources */ = {isa = PBXBuildFile; fileRef = 8C7841D227CD4D10008C8E2A /* getValueWhenTypeDiffers.swift */; };
		8C7841D527CF9D02008C8E2A /* fixKeySupport.swift in Sources */ = {isa = PBXBuildFile; fileRef = 8C7841D427CF9D02008C8E2A /* fixKeySupport.swift */; };
		8CD2EF0D27CA7FA800509485 /* Assets.xcassets in Resources */ = {isa = PBXBuildFile; fileRef = 8CD2EF0C27CA7FA800509485 /* Assets.xcassets */; };
		8CD2EF1027CA7FA800509485 /* Preview Assets.xcassets in Resources */ = {isa = PBXBuildFile; fileRef = 8CD2EF0F27CA7FA800509485 /* Preview Assets.xcassets */; };
		8CD2EF2527CA807600509485 /* LaunchAtLogin in Frameworks */ = {isa = PBXBuildFile; productRef = 8CD2EF2427CA807600509485 /* LaunchAtLogin */; };
		8CD2EF2827CA808B00509485 /* Introspect in Frameworks */ = {isa = PBXBuildFile; productRef = 8CD2EF2727CA808B00509485 /* Introspect */; };
		8CD2EF2B27CA809900509485 /* Version in Frameworks */ = {isa = PBXBuildFile; productRef = 8CD2EF2A27CA809900509485 /* Version */; };
		8CD2EF2E27CA80A800509485 /* FeedKit in Frameworks */ = {isa = PBXBuildFile; productRef = 8CD2EF2D27CA80A800509485 /* FeedKit */; };
		8CD2EF3327CA80FD00509485 /* macserial in Resources */ = {isa = PBXBuildFile; fileRef = 8CD2EF3227CA80FD00509485 /* macserial */; };
		8CD2EF3727CA813A00509485 /* AppDelegate.swift in Sources */ = {isa = PBXBuildFile; fileRef = 8CD2EF3527CA813A00509485 /* AppDelegate.swift */; };
		8CD2EF3827CA813A00509485 /* main.swift in Sources */ = {isa = PBXBuildFile; fileRef = 8CD2EF3627CA813A00509485 /* main.swift */; };
		8CD2EF5B27CA81E600509485 /* DiskMounter.m in Sources */ = {isa = PBXBuildFile; fileRef = 8CD2EF3D27CA81E600509485 /* DiskMounter.m */; };
		8CD2EF5C27CA81E600509485 /* IndexedCollection.swift in Sources */ = {isa = PBXBuildFile; fileRef = 8CD2EF3E27CA81E600509485 /* IndexedCollection.swift */; };
		8CD2EF5D27CA81E600509485 /* DiskAtrib.swift in Sources */ = {isa = PBXBuildFile; fileRef = 8CD2EF3F27CA81E600509485 /* DiskAtrib.swift */; };
		8CD2EF5E27CA81E600509485 /* cleanDir.swift in Sources */ = {isa = PBXBuildFile; fileRef = 8CD2EF4027CA81E600509485 /* cleanDir.swift */; };
		8CD2EF5F27CA81E600509485 /* TagCloudView.swift in Sources */ = {isa = PBXBuildFile; fileRef = 8CD2EF4127CA81E600509485 /* TagCloudView.swift */; };
		8CD2EF6027CA81E600509485 /* MainDataProvider.swift in Sources */ = {isa = PBXBuildFile; fileRef = 8CD2EF4227CA81E600509485 /* MainDataProvider.swift */; };
		8CD2EF6127CA81E600509485 /* Downloader.swift in Sources */ = {isa = PBXBuildFile; fileRef = 8CD2EF4327CA81E600509485 /* Downloader.swift */; };
		8CD2EF6227CA81E600509485 /* Login.swift in Sources */ = {isa = PBXBuildFile; fileRef = 8CD2EF4427CA81E600509485 /* Login.swift */; };
		8CD2EF6327CA81E600509485 /* SystemInfo.swift in Sources */ = {isa = PBXBuildFile; fileRef = 8CD2EF4527CA81E600509485 /* SystemInfo.swift */; };
		8CD2EF6427CA81E600509485 /* StatusBarController.swift in Sources */ = {isa = PBXBuildFile; fileRef = 8CD2EF4627CA81E600509485 /* StatusBarController.swift */; };
		8CD2EF6527CA81E600509485 /* AMDCoresCount.swift in Sources */ = {isa = PBXBuildFile; fileRef = 8CD2EF4727CA81E600509485 /* AMDCoresCount.swift */; };
		8CD2EF6627CA81E600509485 /* Authorization.m in Sources */ = {isa = PBXBuildFile; fileRef = 8CD2EF4827CA81E600509485 /* Authorization.m */; };
		8CD2EF6727CA81E600509485 /* AskPasswordPopover.swift in Sources */ = {isa = PBXBuildFile; fileRef = 8CD2EF4927CA81E600509485 /* AskPasswordPopover.swift */; };
		8CD2EF6827CA81E600509485 /* Extensions.swift in Sources */ = {isa = PBXBuildFile; fileRef = 8CD2EF4A27CA81E600509485 /* Extensions.swift */; };
		8CD2EF6927CA81E600509485 /* testingFunc.swift in Sources */ = {isa = PBXBuildFile; fileRef = 8CD2EF4B27CA81E600509485 /* testingFunc.swift */; };
		8CD2EF6A27CA81E600509485 /* func.swift in Sources */ = {isa = PBXBuildFile; fileRef = 8CD2EF4C27CA81E600509485 /* func.swift */; };
		8CD2EF6B27CA81E600509485 /* ChartsView.swift in Sources */ = {isa = PBXBuildFile; fileRef = 8CD2EF4D27CA81E600509485 /* ChartsView.swift */; };
		8CD2EF6C27CA81E600509485 /* BluetoothDevices.swift in Sources */ = {isa = PBXBuildFile; fileRef = 8CD2EF4E27CA81E600509485 /* BluetoothDevices.swift */; };
		8CD2EF6D27CA81E600509485 /* HDToggleView.swift in Sources */ = {isa = PBXBuildFile; fileRef = 8CD2EF4F27CA81E600509485 /* HDToggleView.swift */; };
		8CD2EF6E27CA81E600509485 /* structs.swift in Sources */ = {isa = PBXBuildFile; fileRef = 8CD2EF5027CA81E600509485 /* structs.swift */; };
		8CD2EF6F27CA81E600509485 /* DragAndDropViewConstructor.swift in Sources */ = {isa = PBXBuildFile; fileRef = 8CD2EF5227CA81E600509485 /* DragAndDropViewConstructor.swift */; };
		8CD2EF7027CA81E600509485 /* AppStorageforCatalina.swift in Sources */ = {isa = PBXBuildFile; fileRef = 8CD2EF5327CA81E600509485 /* AppStorageforCatalina.swift */; };
		8CD2EF7127CA81E600509485 /* copyMissingFiles.swift in Sources */ = {isa = PBXBuildFile; fileRef = 8CD2EF5427CA81E600509485 /* copyMissingFiles.swift */; };
		8CD2EF7227CA81E600509485 /* GitHub.swift in Sources */ = {isa = PBXBuildFile; fileRef = 8CD2EF5527CA81E600509485 /* GitHub.swift */; };
		8CD2EF7327CA81E600509485 /* filesHandlers.swift in Sources */ = {isa = PBXBuildFile; fileRef = 8CD2EF5627CA81E600509485 /* filesHandlers.swift */; };
		8CD2EF7427CA81E600509485 /* SheetView.swift in Sources */ = {isa = PBXBuildFile; fileRef = 8CD2EF5727CA81E600509485 /* SheetView.swift */; };
		8CD2EF7527CA81E600509485 /* getEFIList.swift in Sources */ = {isa = PBXBuildFile; fileRef = 8CD2EF5A27CA81E600509485 /* getEFIList.swift */; };
		8CD2EFB427CA820D00509485 /* additionalOCFixes.swift in Sources */ = {isa = PBXBuildFile; fileRef = 8CD2EF7827CA820D00509485 /* additionalOCFixes.swift */; };
		8CD2EFB527CA820D00509485 /* asyncZip.swift in Sources */ = {isa = PBXBuildFile; fileRef = 8CD2EF7927CA820D00509485 /* asyncZip.swift */; };
		8CD2EFB627CA820D00509485 /* updateEFI.swift in Sources */ = {isa = PBXBuildFile; fileRef = 8CD2EF7A27CA820D00509485 /* updateEFI.swift */; };
		8CD2EFB727CA820D00509485 /* getGHDownloadLink.swift in Sources */ = {isa = PBXBuildFile; fileRef = 8CD2EF7B27CA820D00509485 /* getGHDownloadLink.swift */; };
		8CD2EFB827CA820D00509485 /* getOCVersionFromCache.swift in Sources */ = {isa = PBXBuildFile; fileRef = 8CD2EF7C27CA820D00509485 /* getOCVersionFromCache.swift */; };
		8CD2EFB927CA820D00509485 /* getFilesFrom.swift in Sources */ = {isa = PBXBuildFile; fileRef = 8CD2EF7D27CA820D00509485 /* getFilesFrom.swift */; };
		8CD2EFBA27CA820D00509485 /* renameFile.swift in Sources */ = {isa = PBXBuildFile; fileRef = 8CD2EF7E27CA820D00509485 /* renameFile.swift */; };
		8CD2EFBB27CA820D00509485 /* backupEFI.swift in Sources */ = {isa = PBXBuildFile; fileRef = 8CD2EF7F27CA820D00509485 /* backupEFI.swift */; };
		8CD2EFBC27CA820D00509485 /* getLatestOCPath.swift in Sources */ = {isa = PBXBuildFile; fileRef = 8CD2EF8027CA820D00509485 /* getLatestOCPath.swift */; };
		8CD2EFBD27CA820D00509485 /* standaloneToolsUpdater.swift in Sources */ = {isa = PBXBuildFile; fileRef = 8CD2EF8127CA820D00509485 /* standaloneToolsUpdater.swift */; };
		8CD2EFBE27CA820D00509485 /* standaloneUpdateResources.swift in Sources */ = {isa = PBXBuildFile; fileRef = 8CD2EF8227CA820D00509485 /* standaloneUpdateResources.swift */; };
		8CD2EFBF27CA820D00509485 /* getLatestKextPath.swift in Sources */ = {isa = PBXBuildFile; fileRef = 8CD2EF8427CA820D00509485 /* getLatestKextPath.swift */; };
		8CD2EFC027CA820D00509485 /* kextLists.swift in Sources */ = {isa = PBXBuildFile; fileRef = 8CD2EF8527CA820D00509485 /* kextLists.swift */; };
		8CD2EFC127CA820D00509485 /* standaloneUpdateKexts.swift in Sources */ = {isa = PBXBuildFile; fileRef = 8CD2EF8627CA820D00509485 /* standaloneUpdateKexts.swift */; };
		8CD2EFC227CA820D00509485 /* updateCachedKext.swift in Sources */ = {isa = PBXBuildFile; fileRef = 8CD2EF8727CA820D00509485 /* updateCachedKext.swift */; };
		8CD2EFC327CA820D00509485 /* findLatestKext.swift in Sources */ = {isa = PBXBuildFile; fileRef = 8CD2EF8827CA820D00509485 /* findLatestKext.swift */; };
		8CD2EFC427CA820D00509485 /* shouldUpdateLocalKext.swift in Sources */ = {isa = PBXBuildFile; fileRef = 8CD2EF8927CA820D00509485 /* shouldUpdateLocalKext.swift */; };
		8CD2EFC527CA820D00509485 /* findDriverPath.swift in Sources */ = {isa = PBXBuildFile; fileRef = 8CD2EF8B27CA820D00509485 /* findDriverPath.swift */; };
		8CD2EFC627CA820D00509485 /* downloadDriver.swift in Sources */ = {isa = PBXBuildFile; fileRef = 8CD2EF8C27CA820D00509485 /* downloadDriver.swift */; };
		8CD2EFC727CA820D00509485 /* getDriverDownloadLink.swift in Sources */ = {isa = PBXBuildFile; fileRef = 8CD2EF8D27CA820D00509485 /* getDriverDownloadLink.swift */; };
		8CD2EFC827CA820D00509485 /* standaloneUpdateDrivers.swift in Sources */ = {isa = PBXBuildFile; fileRef = 8CD2EF8E27CA820D00509485 /* standaloneUpdateDrivers.swift */; };
		8CD2EFC927CA820D00509485 /* cleandownloadedDir.swift in Sources */ = {isa = PBXBuildFile; fileRef = 8CD2EF8F27CA820D00509485 /* cleandownloadedDir.swift */; };
		8CD2EFCA27CA820D00509485 /* EFI.swift in Sources */ = {isa = PBXBuildFile; fileRef = 8CD2EF9127CA820D00509485 /* EFI.swift */; };
		8CD2EFCB27CA820D00509485 /* SettingsView.swift in Sources */ = {isa = PBXBuildFile; fileRef = 8CD2EF9327CA820D00509485 /* SettingsView.swift */; };
		8CD2EFCC27CA820D00509485 /* ViewsDispatcher.swift in Sources */ = {isa = PBXBuildFile; fileRef = 8CD2EF9427CA820D00509485 /* ViewsDispatcher.swift */; };
		8CD2EFCD27CA820D00509485 /* LoginView.swift in Sources */ = {isa = PBXBuildFile; fileRef = 8CD2EF9527CA820D00509485 /* LoginView.swift */; };
		8CD2EFCE27CA820D00509485 /* LeaderStartView.swift in Sources */ = {isa = PBXBuildFile; fileRef = 8CD2EF9727CA820D00509485 /* LeaderStartView.swift */; };
		8CD2EFCF27CA820D00509485 /* BuildDetailView.swift in Sources */ = {isa = PBXBuildFile; fileRef = 8CD2EF9827CA820D00509485 /* BuildDetailView.swift */; };
		8CD2EFD027CA820D00509485 /* UploadNewBuild.swift in Sources */ = {isa = PBXBuildFile; fileRef = 8CD2EF9927CA820D00509485 /* UploadNewBuild.swift */; };
		8CD2EFD127CA820D00509485 /* KextsView.swift in Sources */ = {isa = PBXBuildFile; fileRef = 8CD2EF9B27CA820D00509485 /* KextsView.swift */; };
		8CD2EFD227CA820D00509485 /* ACPIView.swift in Sources */ = {isa = PBXBuildFile; fileRef = 8CD2EF9C27CA820D00509485 /* ACPIView.swift */; };
		8CD2EFD327CA820D00509485 /* UpdateView.swift in Sources */ = {isa = PBXBuildFile; fileRef = 8CD2EF9D27CA820D00509485 /* UpdateView.swift */; };
		8CD2EFD427CA820D00509485 /* PlatformInfo.swift in Sources */ = {isa = PBXBuildFile; fileRef = 8CD2EF9E27CA820D00509485 /* PlatformInfo.swift */; };
		8CD2EFD527CA820D00509485 /* DriversView.swift in Sources */ = {isa = PBXBuildFile; fileRef = 8CD2EF9F27CA820D00509485 /* DriversView.swift */; };
		8CD2EFD627CA820D00509485 /* ListView.swift in Sources */ = {isa = PBXBuildFile; fileRef = 8CD2EFA127CA820D00509485 /* ListView.swift */; };
		8CD2EFD727CA820D00509485 /* HDUpdateView.swift in Sources */ = {isa = PBXBuildFile; fileRef = 8CD2EFA227CA820D00509485 /* HDUpdateView.swift */; };
		8CD2EFD827CA820D00509485 /* ContentView.swift in Sources */ = {isa = PBXBuildFile; fileRef = 8CD2EFA327CA820D00509485 /* ContentView.swift */; };
		8CD2EFD927CA820D00509485 /* CreateEFI.swift in Sources */ = {isa = PBXBuildFile; fileRef = 8CD2EFA527CA820D00509485 /* CreateEFI.swift */; };
		8CD2EFDA27CA820D00509485 /* HAPlistEncoder.swift in Sources */ = {isa = PBXBuildFile; fileRef = 8CD2EFA927CA820D00509485 /* HAPlistEncoder.swift */; };
		8CD2EFDB27CA820D00509485 /* updateOCPlist.swift in Sources */ = {isa = PBXBuildFile; fileRef = 8CD2EFAB27CA820D00509485 /* updateOCPlist.swift */; };
		8CD2EFDC27CA820D00509485 /* getHAPlist.swift in Sources */ = {isa = PBXBuildFile; fileRef = 8CD2EFAC27CA820D00509485 /* getHAPlist.swift */; };
		8CD2EFDD27CA820D00509485 /* HAPlistContentHandler.swift in Sources */ = {isa = PBXBuildFile; fileRef = 8CD2EFAD27CA820D00509485 /* HAPlistContentHandler.swift */; };
		8CD2EFDE27CA820D00509485 /* HAPlist.swift in Sources */ = {isa = PBXBuildFile; fileRef = 8CD2EFAE27CA820D00509485 /* HAPlist.swift */; };
		8CD2EFDF27CA820D00509485 /* StringListView.swift in Sources */ = {isa = PBXBuildFile; fileRef = 8CD2EFB027CA820D00509485 /* StringListView.swift */; };
		8CD2EFE027CA820D00509485 /* PopoverContentController.swift in Sources */ = {isa = PBXBuildFile; fileRef = 8CD2EFB227CA820D00509485 /* PopoverContentController.swift */; };
		8CD2EFE127CA820D00509485 /* TopToolbarView.swift in Sources */ = {isa = PBXBuildFile; fileRef = 8CD2EFB327CA820D00509485 /* TopToolbarView.swift */; };
		8CD2EFE527CA99C700509485 /* Zip in Frameworks */ = {isa = PBXBuildFile; productRef = 8CD2EFE427CA99C700509485 /* Zip */; };
		8CE439E627CC0CAB0056034E /* fixOpenRuntimeEfiDriver.swift in Sources */ = {isa = PBXBuildFile; fileRef = 8CE439E527CC0CAB0056034E /* fixOpenRuntimeEfiDriver.swift */; };
		8CE439E827CC0CEC0056034E /* requiresOpenRuntimeEfi.swift in Sources */ = {isa = PBXBuildFile; fileRef = 8CE439E727CC0CEC0056034E /* requiresOpenRuntimeEfi.swift */; };
		8CE439EA27CC0D100056034E /* fixOCFilePathErrors.swift in Sources */ = {isa = PBXBuildFile; fileRef = 8CE439E927CC0D100056034E /* fixOCFilePathErrors.swift */; };
		8CE439EC27CC0DDA0056034E /* fixPossibleExtraItems.swift in Sources */ = {isa = PBXBuildFile; fileRef = 8CE439EB27CC0DDA0056034E /* fixPossibleExtraItems.swift */; };
/* End PBXBuildFile section */

/* Begin PBXFileReference section */
		8C58A65C27D620BC0081FABC /* moveAMLBinariesToStandalone.swift */ = {isa = PBXFileReference; lastKnownFileType = sourcecode.swift; path = moveAMLBinariesToStandalone.swift; sourceTree = "<group>"; };
		8C58A65E27D642EF0081FABC /* fixPickerMode.swift */ = {isa = PBXFileReference; lastKnownFileType = sourcecode.swift; path = fixPickerMode.swift; sourceTree = "<group>"; };
		8C7841D027CCCCA5008C8E2A /* generateNewDriverStructType.swift */ = {isa = PBXFileReference; lastKnownFileType = sourcecode.swift; path = generateNewDriverStructType.swift; sourceTree = "<group>"; };
		8C7841D227CD4D10008C8E2A /* getValueWhenTypeDiffers.swift */ = {isa = PBXFileReference; lastKnownFileType = sourcecode.swift; path = getValueWhenTypeDiffers.swift; sourceTree = "<group>"; };
		8C7841D427CF9D02008C8E2A /* fixKeySupport.swift */ = {isa = PBXFileReference; lastKnownFileType = sourcecode.swift; path = fixKeySupport.swift; sourceTree = "<group>"; };
		8C83C96327EA0F12000429A9 /* Readme.md */ = {isa = PBXFileReference; lastKnownFileType = net.daringfireball.markdown; path = Readme.md; sourceTree = "<group>"; };
		8CD2EF0527CA7FA700509485 /* HackinDROM.app */ = {isa = PBXFileReference; explicitFileType = wrapper.application; includeInIndex = 0; path = HackinDROM.app; sourceTree = BUILT_PRODUCTS_DIR; };
		8CD2EF0C27CA7FA800509485 /* Assets.xcassets */ = {isa = PBXFileReference; lastKnownFileType = folder.assetcatalog; path = Assets.xcassets; sourceTree = "<group>"; };
		8CD2EF0F27CA7FA800509485 /* Preview Assets.xcassets */ = {isa = PBXFileReference; lastKnownFileType = folder.assetcatalog; path = "Preview Assets.xcassets"; sourceTree = "<group>"; };
		8CD2EF1127CA7FA800509485 /* HackinDROM.entitlements */ = {isa = PBXFileReference; lastKnownFileType = text.plist.entitlements; path = HackinDROM.entitlements; sourceTree = "<group>"; };
		8CD2EF3227CA80FD00509485 /* macserial */ = {isa = PBXFileReference; lastKnownFileType = "compiled.mach-o.executable"; path = macserial; sourceTree = "<group>"; };
		8CD2EF3427CA813900509485 /* HackinDROM-Bridging-Header.h */ = {isa = PBXFileReference; lastKnownFileType = sourcecode.c.h; path = "HackinDROM-Bridging-Header.h"; sourceTree = "<group>"; };
		8CD2EF3527CA813A00509485 /* AppDelegate.swift */ = {isa = PBXFileReference; fileEncoding = 4; lastKnownFileType = sourcecode.swift; path = AppDelegate.swift; sourceTree = "<group>"; };
		8CD2EF3627CA813A00509485 /* main.swift */ = {isa = PBXFileReference; fileEncoding = 4; lastKnownFileType = sourcecode.swift; path = main.swift; sourceTree = "<group>"; };
		8CD2EF3D27CA81E600509485 /* DiskMounter.m */ = {isa = PBXFileReference; fileEncoding = 4; lastKnownFileType = sourcecode.c.objc; path = DiskMounter.m; sourceTree = "<group>"; };
		8CD2EF3E27CA81E600509485 /* IndexedCollection.swift */ = {isa = PBXFileReference; fileEncoding = 4; lastKnownFileType = sourcecode.swift; path = IndexedCollection.swift; sourceTree = "<group>"; };
		8CD2EF3F27CA81E600509485 /* DiskAtrib.swift */ = {isa = PBXFileReference; fileEncoding = 4; lastKnownFileType = sourcecode.swift; path = DiskAtrib.swift; sourceTree = "<group>"; };
		8CD2EF4027CA81E600509485 /* cleanDir.swift */ = {isa = PBXFileReference; fileEncoding = 4; lastKnownFileType = sourcecode.swift; path = cleanDir.swift; sourceTree = "<group>"; };
		8CD2EF4127CA81E600509485 /* TagCloudView.swift */ = {isa = PBXFileReference; fileEncoding = 4; lastKnownFileType = sourcecode.swift; path = TagCloudView.swift; sourceTree = "<group>"; };
		8CD2EF4227CA81E600509485 /* MainDataProvider.swift */ = {isa = PBXFileReference; fileEncoding = 4; lastKnownFileType = sourcecode.swift; path = MainDataProvider.swift; sourceTree = "<group>"; };
		8CD2EF4327CA81E600509485 /* Downloader.swift */ = {isa = PBXFileReference; fileEncoding = 4; lastKnownFileType = sourcecode.swift; path = Downloader.swift; sourceTree = "<group>"; };
		8CD2EF4427CA81E600509485 /* Login.swift */ = {isa = PBXFileReference; fileEncoding = 4; lastKnownFileType = sourcecode.swift; path = Login.swift; sourceTree = "<group>"; };
		8CD2EF4527CA81E600509485 /* SystemInfo.swift */ = {isa = PBXFileReference; fileEncoding = 4; lastKnownFileType = sourcecode.swift; path = SystemInfo.swift; sourceTree = "<group>"; };
		8CD2EF4627CA81E600509485 /* StatusBarController.swift */ = {isa = PBXFileReference; fileEncoding = 4; lastKnownFileType = sourcecode.swift; path = StatusBarController.swift; sourceTree = "<group>"; };
		8CD2EF4727CA81E600509485 /* AMDCoresCount.swift */ = {isa = PBXFileReference; fileEncoding = 4; lastKnownFileType = sourcecode.swift; path = AMDCoresCount.swift; sourceTree = "<group>"; };
		8CD2EF4827CA81E600509485 /* Authorization.m */ = {isa = PBXFileReference; fileEncoding = 4; lastKnownFileType = sourcecode.c.objc; path = Authorization.m; sourceTree = "<group>"; };
		8CD2EF4927CA81E600509485 /* AskPasswordPopover.swift */ = {isa = PBXFileReference; fileEncoding = 4; lastKnownFileType = sourcecode.swift; path = AskPasswordPopover.swift; sourceTree = "<group>"; };
		8CD2EF4A27CA81E600509485 /* Extensions.swift */ = {isa = PBXFileReference; fileEncoding = 4; lastKnownFileType = sourcecode.swift; path = Extensions.swift; sourceTree = "<group>"; };
		8CD2EF4B27CA81E600509485 /* testingFunc.swift */ = {isa = PBXFileReference; fileEncoding = 4; lastKnownFileType = sourcecode.swift; path = testingFunc.swift; sourceTree = "<group>"; };
		8CD2EF4C27CA81E600509485 /* func.swift */ = {isa = PBXFileReference; fileEncoding = 4; lastKnownFileType = sourcecode.swift; path = func.swift; sourceTree = "<group>"; };
		8CD2EF4D27CA81E600509485 /* ChartsView.swift */ = {isa = PBXFileReference; fileEncoding = 4; lastKnownFileType = sourcecode.swift; path = ChartsView.swift; sourceTree = "<group>"; };
		8CD2EF4E27CA81E600509485 /* BluetoothDevices.swift */ = {isa = PBXFileReference; fileEncoding = 4; lastKnownFileType = sourcecode.swift; path = BluetoothDevices.swift; sourceTree = "<group>"; };
		8CD2EF4F27CA81E600509485 /* HDToggleView.swift */ = {isa = PBXFileReference; fileEncoding = 4; lastKnownFileType = sourcecode.swift; path = HDToggleView.swift; sourceTree = "<group>"; };
		8CD2EF5027CA81E600509485 /* structs.swift */ = {isa = PBXFileReference; fileEncoding = 4; lastKnownFileType = sourcecode.swift; path = structs.swift; sourceTree = "<group>"; };
		8CD2EF5127CA81E600509485 /* DiskMounter.h */ = {isa = PBXFileReference; fileEncoding = 4; lastKnownFileType = sourcecode.c.h; path = DiskMounter.h; sourceTree = "<group>"; };
		8CD2EF5227CA81E600509485 /* DragAndDropViewConstructor.swift */ = {isa = PBXFileReference; fileEncoding = 4; lastKnownFileType = sourcecode.swift; path = DragAndDropViewConstructor.swift; sourceTree = "<group>"; };
		8CD2EF5327CA81E600509485 /* AppStorageforCatalina.swift */ = {isa = PBXFileReference; fileEncoding = 4; lastKnownFileType = sourcecode.swift; path = AppStorageforCatalina.swift; sourceTree = "<group>"; };
		8CD2EF5427CA81E600509485 /* copyMissingFiles.swift */ = {isa = PBXFileReference; fileEncoding = 4; lastKnownFileType = sourcecode.swift; path = copyMissingFiles.swift; sourceTree = "<group>"; };
		8CD2EF5527CA81E600509485 /* GitHub.swift */ = {isa = PBXFileReference; fileEncoding = 4; lastKnownFileType = sourcecode.swift; path = GitHub.swift; sourceTree = "<group>"; };
		8CD2EF5627CA81E600509485 /* filesHandlers.swift */ = {isa = PBXFileReference; fileEncoding = 4; lastKnownFileType = sourcecode.swift; path = filesHandlers.swift; sourceTree = "<group>"; };
		8CD2EF5727CA81E600509485 /* SheetView.swift */ = {isa = PBXFileReference; fileEncoding = 4; lastKnownFileType = sourcecode.swift; path = SheetView.swift; sourceTree = "<group>"; };
		8CD2EF5927CA81E600509485 /* Authorization.h */ = {isa = PBXFileReference; fileEncoding = 4; lastKnownFileType = sourcecode.c.h; path = Authorization.h; sourceTree = "<group>"; };
		8CD2EF5A27CA81E600509485 /* getEFIList.swift */ = {isa = PBXFileReference; fileEncoding = 4; lastKnownFileType = sourcecode.swift; path = getEFIList.swift; sourceTree = "<group>"; };
		8CD2EF7827CA820D00509485 /* additionalOCFixes.swift */ = {isa = PBXFileReference; fileEncoding = 4; lastKnownFileType = sourcecode.swift; path = additionalOCFixes.swift; sourceTree = "<group>"; };
		8CD2EF7927CA820D00509485 /* asyncZip.swift */ = {isa = PBXFileReference; fileEncoding = 4; lastKnownFileType = sourcecode.swift; path = asyncZip.swift; sourceTree = "<group>"; };
		8CD2EF7A27CA820D00509485 /* updateEFI.swift */ = {isa = PBXFileReference; fileEncoding = 4; lastKnownFileType = sourcecode.swift; path = updateEFI.swift; sourceTree = "<group>"; };
		8CD2EF7B27CA820D00509485 /* getGHDownloadLink.swift */ = {isa = PBXFileReference; fileEncoding = 4; lastKnownFileType = sourcecode.swift; path = getGHDownloadLink.swift; sourceTree = "<group>"; };
		8CD2EF7C27CA820D00509485 /* getOCVersionFromCache.swift */ = {isa = PBXFileReference; fileEncoding = 4; lastKnownFileType = sourcecode.swift; path = getOCVersionFromCache.swift; sourceTree = "<group>"; };
		8CD2EF7D27CA820D00509485 /* getFilesFrom.swift */ = {isa = PBXFileReference; fileEncoding = 4; lastKnownFileType = sourcecode.swift; path = getFilesFrom.swift; sourceTree = "<group>"; };
		8CD2EF7E27CA820D00509485 /* renameFile.swift */ = {isa = PBXFileReference; fileEncoding = 4; lastKnownFileType = sourcecode.swift; path = renameFile.swift; sourceTree = "<group>"; };
		8CD2EF7F27CA820D00509485 /* backupEFI.swift */ = {isa = PBXFileReference; fileEncoding = 4; lastKnownFileType = sourcecode.swift; path = backupEFI.swift; sourceTree = "<group>"; };
		8CD2EF8027CA820D00509485 /* getLatestOCPath.swift */ = {isa = PBXFileReference; fileEncoding = 4; lastKnownFileType = sourcecode.swift; path = getLatestOCPath.swift; sourceTree = "<group>"; };
		8CD2EF8127CA820D00509485 /* standaloneToolsUpdater.swift */ = {isa = PBXFileReference; fileEncoding = 4; lastKnownFileType = sourcecode.swift; path = standaloneToolsUpdater.swift; sourceTree = "<group>"; };
		8CD2EF8227CA820D00509485 /* standaloneUpdateResources.swift */ = {isa = PBXFileReference; fileEncoding = 4; lastKnownFileType = sourcecode.swift; path = standaloneUpdateResources.swift; sourceTree = "<group>"; };
		8CD2EF8427CA820D00509485 /* getLatestKextPath.swift */ = {isa = PBXFileReference; fileEncoding = 4; lastKnownFileType = sourcecode.swift; path = getLatestKextPath.swift; sourceTree = "<group>"; };
		8CD2EF8527CA820D00509485 /* kextLists.swift */ = {isa = PBXFileReference; fileEncoding = 4; lastKnownFileType = sourcecode.swift; path = kextLists.swift; sourceTree = "<group>"; };
		8CD2EF8627CA820D00509485 /* standaloneUpdateKexts.swift */ = {isa = PBXFileReference; fileEncoding = 4; lastKnownFileType = sourcecode.swift; path = standaloneUpdateKexts.swift; sourceTree = "<group>"; };
		8CD2EF8727CA820D00509485 /* updateCachedKext.swift */ = {isa = PBXFileReference; fileEncoding = 4; lastKnownFileType = sourcecode.swift; path = updateCachedKext.swift; sourceTree = "<group>"; };
		8CD2EF8827CA820D00509485 /* findLatestKext.swift */ = {isa = PBXFileReference; fileEncoding = 4; lastKnownFileType = sourcecode.swift; path = findLatestKext.swift; sourceTree = "<group>"; };
		8CD2EF8927CA820D00509485 /* shouldUpdateLocalKext.swift */ = {isa = PBXFileReference; fileEncoding = 4; lastKnownFileType = sourcecode.swift; path = shouldUpdateLocalKext.swift; sourceTree = "<group>"; };
		8CD2EF8B27CA820D00509485 /* findDriverPath.swift */ = {isa = PBXFileReference; fileEncoding = 4; lastKnownFileType = sourcecode.swift; path = findDriverPath.swift; sourceTree = "<group>"; };
		8CD2EF8C27CA820D00509485 /* downloadDriver.swift */ = {isa = PBXFileReference; fileEncoding = 4; lastKnownFileType = sourcecode.swift; path = downloadDriver.swift; sourceTree = "<group>"; };
		8CD2EF8D27CA820D00509485 /* getDriverDownloadLink.swift */ = {isa = PBXFileReference; fileEncoding = 4; lastKnownFileType = sourcecode.swift; path = getDriverDownloadLink.swift; sourceTree = "<group>"; };
		8CD2EF8E27CA820D00509485 /* standaloneUpdateDrivers.swift */ = {isa = PBXFileReference; fileEncoding = 4; lastKnownFileType = sourcecode.swift; path = standaloneUpdateDrivers.swift; sourceTree = "<group>"; };
		8CD2EF8F27CA820D00509485 /* cleandownloadedDir.swift */ = {isa = PBXFileReference; fileEncoding = 4; lastKnownFileType = sourcecode.swift; path = cleandownloadedDir.swift; sourceTree = "<group>"; };
		8CD2EF9127CA820D00509485 /* EFI.swift */ = {isa = PBXFileReference; fileEncoding = 4; lastKnownFileType = sourcecode.swift; path = EFI.swift; sourceTree = "<group>"; };
		8CD2EF9327CA820D00509485 /* SettingsView.swift */ = {isa = PBXFileReference; fileEncoding = 4; lastKnownFileType = sourcecode.swift; path = SettingsView.swift; sourceTree = "<group>"; };
		8CD2EF9427CA820D00509485 /* ViewsDispatcher.swift */ = {isa = PBXFileReference; fileEncoding = 4; lastKnownFileType = sourcecode.swift; path = ViewsDispatcher.swift; sourceTree = "<group>"; };
		8CD2EF9527CA820D00509485 /* LoginView.swift */ = {isa = PBXFileReference; fileEncoding = 4; lastKnownFileType = sourcecode.swift; path = LoginView.swift; sourceTree = "<group>"; };
		8CD2EF9727CA820D00509485 /* LeaderStartView.swift */ = {isa = PBXFileReference; fileEncoding = 4; lastKnownFileType = sourcecode.swift; path = LeaderStartView.swift; sourceTree = "<group>"; };
		8CD2EF9827CA820D00509485 /* BuildDetailView.swift */ = {isa = PBXFileReference; fileEncoding = 4; lastKnownFileType = sourcecode.swift; path = BuildDetailView.swift; sourceTree = "<group>"; };
		8CD2EF9927CA820D00509485 /* UploadNewBuild.swift */ = {isa = PBXFileReference; fileEncoding = 4; lastKnownFileType = sourcecode.swift; path = UploadNewBuild.swift; sourceTree = "<group>"; };
		8CD2EF9B27CA820D00509485 /* KextsView.swift */ = {isa = PBXFileReference; fileEncoding = 4; lastKnownFileType = sourcecode.swift; path = KextsView.swift; sourceTree = "<group>"; };
		8CD2EF9C27CA820D00509485 /* ACPIView.swift */ = {isa = PBXFileReference; fileEncoding = 4; lastKnownFileType = sourcecode.swift; path = ACPIView.swift; sourceTree = "<group>"; };
		8CD2EF9D27CA820D00509485 /* UpdateView.swift */ = {isa = PBXFileReference; fileEncoding = 4; lastKnownFileType = sourcecode.swift; path = UpdateView.swift; sourceTree = "<group>"; };
		8CD2EF9E27CA820D00509485 /* PlatformInfo.swift */ = {isa = PBXFileReference; fileEncoding = 4; lastKnownFileType = sourcecode.swift; path = PlatformInfo.swift; sourceTree = "<group>"; };
		8CD2EF9F27CA820D00509485 /* DriversView.swift */ = {isa = PBXFileReference; fileEncoding = 4; lastKnownFileType = sourcecode.swift; path = DriversView.swift; sourceTree = "<group>"; };
		8CD2EFA127CA820D00509485 /* ListView.swift */ = {isa = PBXFileReference; fileEncoding = 4; lastKnownFileType = sourcecode.swift; path = ListView.swift; sourceTree = "<group>"; };
		8CD2EFA227CA820D00509485 /* HDUpdateView.swift */ = {isa = PBXFileReference; fileEncoding = 4; lastKnownFileType = sourcecode.swift; path = HDUpdateView.swift; sourceTree = "<group>"; };
		8CD2EFA327CA820D00509485 /* ContentView.swift */ = {isa = PBXFileReference; fileEncoding = 4; lastKnownFileType = sourcecode.swift; path = ContentView.swift; sourceTree = "<group>"; };
		8CD2EFA527CA820D00509485 /* CreateEFI.swift */ = {isa = PBXFileReference; fileEncoding = 4; lastKnownFileType = sourcecode.swift; path = CreateEFI.swift; sourceTree = "<group>"; };
		8CD2EFA927CA820D00509485 /* HAPlistEncoder.swift */ = {isa = PBXFileReference; fileEncoding = 4; lastKnownFileType = sourcecode.swift; path = HAPlistEncoder.swift; sourceTree = "<group>"; };
		8CD2EFAB27CA820D00509485 /* updateOCPlist.swift */ = {isa = PBXFileReference; fileEncoding = 4; lastKnownFileType = sourcecode.swift; path = updateOCPlist.swift; sourceTree = "<group>"; };
		8CD2EFAC27CA820D00509485 /* getHAPlist.swift */ = {isa = PBXFileReference; fileEncoding = 4; lastKnownFileType = sourcecode.swift; path = getHAPlist.swift; sourceTree = "<group>"; };
		8CD2EFAD27CA820D00509485 /* HAPlistContentHandler.swift */ = {isa = PBXFileReference; fileEncoding = 4; lastKnownFileType = sourcecode.swift; path = HAPlistContentHandler.swift; sourceTree = "<group>"; };
		8CD2EFAE27CA820D00509485 /* HAPlist.swift */ = {isa = PBXFileReference; fileEncoding = 4; lastKnownFileType = sourcecode.swift; path = HAPlist.swift; sourceTree = "<group>"; };
		8CD2EFB027CA820D00509485 /* StringListView.swift */ = {isa = PBXFileReference; fileEncoding = 4; lastKnownFileType = sourcecode.swift; path = StringListView.swift; sourceTree = "<group>"; };
		8CD2EFB227CA820D00509485 /* PopoverContentController.swift */ = {isa = PBXFileReference; fileEncoding = 4; lastKnownFileType = sourcecode.swift; path = PopoverContentController.swift; sourceTree = "<group>"; };
		8CD2EFB327CA820D00509485 /* TopToolbarView.swift */ = {isa = PBXFileReference; fileEncoding = 4; lastKnownFileType = sourcecode.swift; path = TopToolbarView.swift; sourceTree = "<group>"; };
		8CD2EFE227CA858500509485 /* Info.plist */ = {isa = PBXFileReference; lastKnownFileType = text.plist; path = Info.plist; sourceTree = "<group>"; };
		8CE439E527CC0CAB0056034E /* fixOpenRuntimeEfiDriver.swift */ = {isa = PBXFileReference; lastKnownFileType = sourcecode.swift; path = fixOpenRuntimeEfiDriver.swift; sourceTree = "<group>"; };
		8CE439E727CC0CEC0056034E /* requiresOpenRuntimeEfi.swift */ = {isa = PBXFileReference; lastKnownFileType = sourcecode.swift; path = requiresOpenRuntimeEfi.swift; sourceTree = "<group>"; };
		8CE439E927CC0D100056034E /* fixOCFilePathErrors.swift */ = {isa = PBXFileReference; lastKnownFileType = sourcecode.swift; path = fixOCFilePathErrors.swift; sourceTree = "<group>"; };
		8CE439EB27CC0DDA0056034E /* fixPossibleExtraItems.swift */ = {isa = PBXFileReference; lastKnownFileType = sourcecode.swift; path = fixPossibleExtraItems.swift; sourceTree = "<group>"; };
/* End PBXFileReference section */

/* Begin PBXFrameworksBuildPhase section */
		8CD2EF0227CA7FA700509485 /* Frameworks */ = {
			isa = PBXFrameworksBuildPhase;
			buildActionMask = 2147483647;
			files = (
				8CD2EF2B27CA809900509485 /* Version in Frameworks */,
				8CD2EF2527CA807600509485 /* LaunchAtLogin in Frameworks */,
				8CD2EF2827CA808B00509485 /* Introspect in Frameworks */,
				8CD2EF2E27CA80A800509485 /* FeedKit in Frameworks */,
				8CD2EFE527CA99C700509485 /* Zip in Frameworks */,
			);
			runOnlyForDeploymentPostprocessing = 0;
		};
/* End PBXFrameworksBuildPhase section */

/* Begin PBXGroup section */
		8C7841CF27CCCBE4008C8E2A /* PlistUpdater */ = {
			isa = PBXGroup;
			children = (
				8CD2EFAB27CA820D00509485 /* updateOCPlist.swift */,
				8C7841D027CCCCA5008C8E2A /* generateNewDriverStructType.swift */,
				8C7841D227CD4D10008C8E2A /* getValueWhenTypeDiffers.swift */,
			);
			path = PlistUpdater;
			sourceTree = "<group>";
		};
		8CD2EEFC27CA7FA700509485 = {
			isa = PBXGroup;
			children = (
				8C83C96327EA0F12000429A9 /* Readme.md */,
				8CD2EF0727CA7FA700509485 /* HackinDROM */,
				8CD2EF0627CA7FA700509485 /* Products */,
			);
			sourceTree = "<group>";
		};
		8CD2EF0627CA7FA700509485 /* Products */ = {
			isa = PBXGroup;
			children = (
				8CD2EF0527CA7FA700509485 /* HackinDROM.app */,
			);
			name = Products;
			sourceTree = "<group>";
		};
		8CD2EF0727CA7FA700509485 /* HackinDROM */ = {
			isa = PBXGroup;
			children = (
				8CD2EFE227CA858500509485 /* Info.plist */,
				8CD2EFB127CA820D00509485 /* Controllers */,
				8CD2EFA627CA820D00509485 /* PlistEditor */,
				8CD2EF7627CA820D00509485 /* StandaloneUpdater */,
				8CD2EF9027CA820D00509485 /* Structs */,
				8CD2EF9227CA820D00509485 /* Views */,
				8CD2EF3C27CA81E600509485 /* Helpers */,
				8CD2EF3527CA813A00509485 /* AppDelegate.swift */,
				8CD2EF3627CA813A00509485 /* main.swift */,
				8CD2EF0C27CA7FA800509485 /* Assets.xcassets */,
				8CD2EF1127CA7FA800509485 /* HackinDROM.entitlements */,
				8CD2EF3227CA80FD00509485 /* macserial */,
				8CD2EF0E27CA7FA800509485 /* Preview Content */,
				8CD2EF3427CA813900509485 /* HackinDROM-Bridging-Header.h */,
				8CD2EF5927CA81E600509485 /* Authorization.h */,
				8CD2EF4827CA81E600509485 /* Authorization.m */,
				8CD2EF5127CA81E600509485 /* DiskMounter.h */,
				8CD2EF3D27CA81E600509485 /* DiskMounter.m */,
			);
			path = HackinDROM;
			sourceTree = "<group>";
		};
		8CD2EF0E27CA7FA800509485 /* Preview Content */ = {
			isa = PBXGroup;
			children = (
				8CD2EF0F27CA7FA800509485 /* Preview Assets.xcassets */,
			);
			path = "Preview Content";
			sourceTree = "<group>";
		};
		8CD2EF3C27CA81E600509485 /* Helpers */ = {
			isa = PBXGroup;
			children = (
				8CD2EF3E27CA81E600509485 /* IndexedCollection.swift */,
				8CD2EF3F27CA81E600509485 /* DiskAtrib.swift */,
				8CD2EF4027CA81E600509485 /* cleanDir.swift */,
				8CD2EF4127CA81E600509485 /* TagCloudView.swift */,
				8CD2EF4227CA81E600509485 /* MainDataProvider.swift */,
				8CD2EF4327CA81E600509485 /* Downloader.swift */,
				8CD2EF4427CA81E600509485 /* Login.swift */,
				8CD2EF4527CA81E600509485 /* SystemInfo.swift */,
				8CD2EF4627CA81E600509485 /* StatusBarController.swift */,
				8CD2EF4727CA81E600509485 /* AMDCoresCount.swift */,
				8CD2EF4927CA81E600509485 /* AskPasswordPopover.swift */,
				8CD2EF4A27CA81E600509485 /* Extensions.swift */,
				8CD2EF4B27CA81E600509485 /* testingFunc.swift */,
				8CD2EF4C27CA81E600509485 /* func.swift */,
				8CD2EF4D27CA81E600509485 /* ChartsView.swift */,
				8CD2EF4E27CA81E600509485 /* BluetoothDevices.swift */,
				8CD2EF4F27CA81E600509485 /* HDToggleView.swift */,
				8CD2EF5027CA81E600509485 /* structs.swift */,
				8CD2EF5227CA81E600509485 /* DragAndDropViewConstructor.swift */,
				8CD2EF5327CA81E600509485 /* AppStorageforCatalina.swift */,
				8CD2EF5427CA81E600509485 /* copyMissingFiles.swift */,
				8CD2EF5527CA81E600509485 /* GitHub.swift */,
				8CD2EF5627CA81E600509485 /* filesHandlers.swift */,
				8CD2EF5727CA81E600509485 /* SheetView.swift */,
				8CD2EF5A27CA81E600509485 /* getEFIList.swift */,
			);
			path = Helpers;
			sourceTree = "<group>";
		};
		8CD2EF7627CA820D00509485 /* StandaloneUpdater */ = {
			isa = PBXGroup;
			children = (
				8CD2EF7727CA820D00509485 /* Tools */,
				8CD2EF8027CA820D00509485 /* getLatestOCPath.swift */,
				8CD2EF8127CA820D00509485 /* standaloneToolsUpdater.swift */,
				8CD2EF8227CA820D00509485 /* standaloneUpdateResources.swift */,
				8CD2EF8327CA820D00509485 /* KextsUpdater */,
				8CD2EF8A27CA820D00509485 /* DriversUpdater */,
				8CD2EF8F27CA820D00509485 /* cleandownloadedDir.swift */,
				8C58A65C27D620BC0081FABC /* moveAMLBinariesToStandalone.swift */,
			);
			path = StandaloneUpdater;
			sourceTree = "<group>";
		};
		8CD2EF7727CA820D00509485 /* Tools */ = {
			isa = PBXGroup;
			children = (
				8CE439E427CB93620056034E /* additionalFixes */,
				8CD2EF7927CA820D00509485 /* asyncZip.swift */,
				8CD2EF7A27CA820D00509485 /* updateEFI.swift */,
				8CD2EF7B27CA820D00509485 /* getGHDownloadLink.swift */,
				8CD2EF7C27CA820D00509485 /* getOCVersionFromCache.swift */,
				8CD2EF7D27CA820D00509485 /* getFilesFrom.swift */,
				8CD2EF7E27CA820D00509485 /* renameFile.swift */,
				8CD2EF7F27CA820D00509485 /* backupEFI.swift */,
			);
			path = Tools;
			sourceTree = "<group>";
		};
		8CD2EF8327CA820D00509485 /* KextsUpdater */ = {
			isa = PBXGroup;
			children = (
				8CD2EF8427CA820D00509485 /* getLatestKextPath.swift */,
				8CD2EF8527CA820D00509485 /* kextLists.swift */,
				8CD2EF8627CA820D00509485 /* standaloneUpdateKexts.swift */,
				8CD2EF8727CA820D00509485 /* updateCachedKext.swift */,
				8CD2EF8827CA820D00509485 /* findLatestKext.swift */,
				8CD2EF8927CA820D00509485 /* shouldUpdateLocalKext.swift */,
			);
			path = KextsUpdater;
			sourceTree = "<group>";
		};
		8CD2EF8A27CA820D00509485 /* DriversUpdater */ = {
			isa = PBXGroup;
			children = (
				8CD2EF8B27CA820D00509485 /* findDriverPath.swift */,
				8CD2EF8C27CA820D00509485 /* downloadDriver.swift */,
				8CD2EF8D27CA820D00509485 /* getDriverDownloadLink.swift */,
				8CD2EF8E27CA820D00509485 /* standaloneUpdateDrivers.swift */,
			);
			path = DriversUpdater;
			sourceTree = "<group>";
		};
		8CD2EF9027CA820D00509485 /* Structs */ = {
			isa = PBXGroup;
			children = (
				8CD2EF9127CA820D00509485 /* EFI.swift */,
			);
			path = Structs;
			sourceTree = "<group>";
		};
		8CD2EF9227CA820D00509485 /* Views */ = {
			isa = PBXGroup;
			children = (
				8CD2EF9327CA820D00509485 /* SettingsView.swift */,
				8CD2EF9427CA820D00509485 /* ViewsDispatcher.swift */,
				8CD2EF9527CA820D00509485 /* LoginView.swift */,
				8CD2EF9627CA820D00509485 /* admin */,
				8CD2EF9A27CA820D00509485 /* UpdateEFI */,
				8CD2EFA027CA820D00509485 /* Main View */,
				8CD2EFA427CA820D00509485 /* CreateEFI */,
			);
			path = Views;
			sourceTree = "<group>";
		};
		8CD2EF9627CA820D00509485 /* admin */ = {
			isa = PBXGroup;
			children = (
				8CD2EF9727CA820D00509485 /* LeaderStartView.swift */,
				8CD2EF9827CA820D00509485 /* BuildDetailView.swift */,
				8CD2EF9927CA820D00509485 /* UploadNewBuild.swift */,
			);
			path = admin;
			sourceTree = "<group>";
		};
		8CD2EF9A27CA820D00509485 /* UpdateEFI */ = {
			isa = PBXGroup;
			children = (
				8CD2EF9B27CA820D00509485 /* KextsView.swift */,
				8CD2EF9C27CA820D00509485 /* ACPIView.swift */,
				8CD2EF9D27CA820D00509485 /* UpdateView.swift */,
				8CD2EF9E27CA820D00509485 /* PlatformInfo.swift */,
				8CD2EF9F27CA820D00509485 /* DriversView.swift */,
			);
			path = UpdateEFI;
			sourceTree = "<group>";
		};
		8CD2EFA027CA820D00509485 /* Main View */ = {
			isa = PBXGroup;
			children = (
				8CD2EFA127CA820D00509485 /* ListView.swift */,
				8CD2EFA227CA820D00509485 /* HDUpdateView.swift */,
				8CD2EFA327CA820D00509485 /* ContentView.swift */,
			);
			path = "Main View";
			sourceTree = "<group>";
		};
		8CD2EFA427CA820D00509485 /* CreateEFI */ = {
			isa = PBXGroup;
			children = (
				8CD2EFA527CA820D00509485 /* CreateEFI.swift */,
			);
			path = CreateEFI;
			sourceTree = "<group>";
		};
		8CD2EFA627CA820D00509485 /* PlistEditor */ = {
			isa = PBXGroup;
			children = (
				8CD2EFA727CA820D00509485 /* Core */,
				8CD2EFAF27CA820D00509485 /* Editor Views */,
			);
			path = PlistEditor;
			sourceTree = "<group>";
		};
		8CD2EFA727CA820D00509485 /* Core */ = {
			isa = PBXGroup;
			children = (
				8C7841CF27CCCBE4008C8E2A /* PlistUpdater */,
				8CD2EFA827CA820D00509485 /* Encoder */,
				8CD2EFAA27CA820D00509485 /* Decoder */,
				8CD2EFAE27CA820D00509485 /* HAPlist.swift */,
			);
			path = Core;
			sourceTree = "<group>";
		};
		8CD2EFA827CA820D00509485 /* Encoder */ = {
			isa = PBXGroup;
			children = (
				8CD2EFA927CA820D00509485 /* HAPlistEncoder.swift */,
			);
			path = Encoder;
			sourceTree = "<group>";
		};
		8CD2EFAA27CA820D00509485 /* Decoder */ = {
			isa = PBXGroup;
			children = (
				8CD2EFAC27CA820D00509485 /* getHAPlist.swift */,
				8CD2EFAD27CA820D00509485 /* HAPlistContentHandler.swift */,
			);
			path = Decoder;
			sourceTree = "<group>";
		};
		8CD2EFAF27CA820D00509485 /* Editor Views */ = {
			isa = PBXGroup;
			children = (
				8CD2EFB027CA820D00509485 /* StringListView.swift */,
			);
			path = "Editor Views";
			sourceTree = "<group>";
		};
		8CD2EFB127CA820D00509485 /* Controllers */ = {
			isa = PBXGroup;
			children = (
				8CD2EFB227CA820D00509485 /* PopoverContentController.swift */,
				8CD2EFB327CA820D00509485 /* TopToolbarView.swift */,
			);
			path = Controllers;
			sourceTree = "<group>";
		};
		8CE439E427CB93620056034E /* additionalFixes */ = {
			isa = PBXGroup;
			children = (
				8CD2EF7827CA820D00509485 /* additionalOCFixes.swift */,
				8CE439E527CC0CAB0056034E /* fixOpenRuntimeEfiDriver.swift */,
				8CE439E727CC0CEC0056034E /* requiresOpenRuntimeEfi.swift */,
				8CE439E927CC0D100056034E /* fixOCFilePathErrors.swift */,
				8CE439EB27CC0DDA0056034E /* fixPossibleExtraItems.swift */,
				8C7841D427CF9D02008C8E2A /* fixKeySupport.swift */,
				8C58A65E27D642EF0081FABC /* fixPickerMode.swift */,
			);
			path = additionalFixes;
			sourceTree = "<group>";
		};
/* End PBXGroup section */

/* Begin PBXNativeTarget section */
		8CD2EF0427CA7FA700509485 /* HackinDROM */ = {
			isa = PBXNativeTarget;
			buildConfigurationList = 8CD2EF1427CA7FA800509485 /* Build configuration list for PBXNativeTarget "HackinDROM" */;
			buildPhases = (
				8CD2EF0127CA7FA700509485 /* Sources */,
				8CD2EF0227CA7FA700509485 /* Frameworks */,
				8CD2EF0327CA7FA700509485 /* Resources */,
			);
			buildRules = (
			);
			dependencies = (
			);
			name = HackinDROM;
			packageProductDependencies = (
				8CD2EF2427CA807600509485 /* LaunchAtLogin */,
				8CD2EF2727CA808B00509485 /* Introspect */,
				8CD2EF2A27CA809900509485 /* Version */,
				8CD2EF2D27CA80A800509485 /* FeedKit */,
				8CD2EFE427CA99C700509485 /* Zip */,
			);
			productName = HackinDROM;
			productReference = 8CD2EF0527CA7FA700509485 /* HackinDROM.app */;
			productType = "com.apple.product-type.application";
		};
/* End PBXNativeTarget section */

/* Begin PBXProject section */
		8CD2EEFD27CA7FA700509485 /* Project object */ = {
			isa = PBXProject;
			attributes = {
				BuildIndependentTargetsInParallel = 1;
				LastSwiftUpdateCheck = 1320;
				LastUpgradeCheck = 1320;
				TargetAttributes = {
					8CD2EF0427CA7FA700509485 = {
						CreatedOnToolsVersion = 13.2.1;
						LastSwiftMigration = 1320;
					};
				};
			};
			buildConfigurationList = 8CD2EF0027CA7FA700509485 /* Build configuration list for PBXProject "HackinDROM" */;
			compatibilityVersion = "Xcode 13.0";
			developmentRegion = en;
			hasScannedForEncodings = 0;
			knownRegions = (
				en,
				Base,
			);
			mainGroup = 8CD2EEFC27CA7FA700509485;
			packageReferences = (
				8CD2EF2327CA807600509485 /* XCRemoteSwiftPackageReference "LaunchAtLogin" */,
				8CD2EF2627CA808B00509485 /* XCRemoteSwiftPackageReference "SwiftUI-Introspect" */,
				8CD2EF2927CA809900509485 /* XCRemoteSwiftPackageReference "Version" */,
				8CD2EF2C27CA80A800509485 /* XCRemoteSwiftPackageReference "FeedKit" */,
				8CD2EFE327CA99C700509485 /* XCRemoteSwiftPackageReference "Zip" */,
			);
			productRefGroup = 8CD2EF0627CA7FA700509485 /* Products */;
			projectDirPath = "";
			projectRoot = "";
			targets = (
				8CD2EF0427CA7FA700509485 /* HackinDROM */,
			);
		};
/* End PBXProject section */

/* Begin PBXResourcesBuildPhase section */
		8CD2EF0327CA7FA700509485 /* Resources */ = {
			isa = PBXResourcesBuildPhase;
			buildActionMask = 2147483647;
			files = (
				8CD2EF3327CA80FD00509485 /* macserial in Resources */,
				8CD2EF1027CA7FA800509485 /* Preview Assets.xcassets in Resources */,
				8CD2EF0D27CA7FA800509485 /* Assets.xcassets in Resources */,
			);
			runOnlyForDeploymentPostprocessing = 0;
		};
/* End PBXResourcesBuildPhase section */

/* Begin PBXSourcesBuildPhase section */
		8CD2EF0127CA7FA700509485 /* Sources */ = {
			isa = PBXSourcesBuildPhase;
			buildActionMask = 2147483647;
			files = (
				8CD2EF6727CA81E600509485 /* AskPasswordPopover.swift in Sources */,
				8CD2EF6127CA81E600509485 /* Downloader.swift in Sources */,
				8CD2EFC727CA820D00509485 /* getDriverDownloadLink.swift in Sources */,
				8CD2EFDF27CA820D00509485 /* StringListView.swift in Sources */,
				8CD2EF6C27CA81E600509485 /* BluetoothDevices.swift in Sources */,
				8CD2EFDD27CA820D00509485 /* HAPlistContentHandler.swift in Sources */,
				8CD2EF3827CA813A00509485 /* main.swift in Sources */,
				8CD2EFB927CA820D00509485 /* getFilesFrom.swift in Sources */,
				8CD2EFB827CA820D00509485 /* getOCVersionFromCache.swift in Sources */,
				8CD2EFDE27CA820D00509485 /* HAPlist.swift in Sources */,
				8CD2EF5C27CA81E600509485 /* IndexedCollection.swift in Sources */,
				8CD2EFCF27CA820D00509485 /* BuildDetailView.swift in Sources */,
				8CD2EF6427CA81E600509485 /* StatusBarController.swift in Sources */,
				8CE439EA27CC0D100056034E /* fixOCFilePathErrors.swift in Sources */,
				8CD2EF5B27CA81E600509485 /* DiskMounter.m in Sources */,
				8CD2EFC527CA820D00509485 /* findDriverPath.swift in Sources */,
				8CD2EFD127CA820D00509485 /* KextsView.swift in Sources */,
				8CD2EF6327CA81E600509485 /* SystemInfo.swift in Sources */,
				8CD2EFD427CA820D00509485 /* PlatformInfo.swift in Sources */,
				8CD2EFC827CA820D00509485 /* standaloneUpdateDrivers.swift in Sources */,
				8CD2EFC027CA820D00509485 /* kextLists.swift in Sources */,
				8CD2EFBC27CA820D00509485 /* getLatestOCPath.swift in Sources */,
				8CD2EF6B27CA81E600509485 /* ChartsView.swift in Sources */,
				8CD2EF5F27CA81E600509485 /* TagCloudView.swift in Sources */,
				8CD2EFD327CA820D00509485 /* UpdateView.swift in Sources */,
				8CD2EF5D27CA81E600509485 /* DiskAtrib.swift in Sources */,
				8CD2EFD027CA820D00509485 /* UploadNewBuild.swift in Sources */,
				8CD2EF7127CA81E600509485 /* copyMissingFiles.swift in Sources */,
				8C7841D127CCCCA5008C8E2A /* generateNewDriverStructType.swift in Sources */,
				8C7841D527CF9D02008C8E2A /* fixKeySupport.swift in Sources */,
				8CD2EF3727CA813A00509485 /* AppDelegate.swift in Sources */,
				8CD2EFB627CA820D00509485 /* updateEFI.swift in Sources */,
				8CD2EFCC27CA820D00509485 /* ViewsDispatcher.swift in Sources */,
				8CD2EFD627CA820D00509485 /* ListView.swift in Sources */,
				8CD2EFCD27CA820D00509485 /* LoginView.swift in Sources */,
				8CD2EFD727CA820D00509485 /* HDUpdateView.swift in Sources */,
				8CD2EFCB27CA820D00509485 /* SettingsView.swift in Sources */,
				8CD2EF7527CA81E600509485 /* getEFIList.swift in Sources */,
				8CD2EF5E27CA81E600509485 /* cleanDir.swift in Sources */,
				8CD2EF7327CA81E600509485 /* filesHandlers.swift in Sources */,
				8CE439E627CC0CAB0056034E /* fixOpenRuntimeEfiDriver.swift in Sources */,
				8CD2EFB727CA820D00509485 /* getGHDownloadLink.swift in Sources */,
				8CD2EFBA27CA820D00509485 /* renameFile.swift in Sources */,
				8CD2EFE127CA820D00509485 /* TopToolbarView.swift in Sources */,
				8CD2EF7227CA81E600509485 /* GitHub.swift in Sources */,
				8CD2EFD927CA820D00509485 /* CreateEFI.swift in Sources */,
				8CD2EF6627CA81E600509485 /* Authorization.m in Sources */,
				8CD2EFD827CA820D00509485 /* ContentView.swift in Sources */,
				8CE439EC27CC0DDA0056034E /* fixPossibleExtraItems.swift in Sources */,
				8CD2EF7027CA81E600509485 /* AppStorageforCatalina.swift in Sources */,
				8CD2EFE027CA820D00509485 /* PopoverContentController.swift in Sources */,
				8CD2EFD527CA820D00509485 /* DriversView.swift in Sources */,
				8CD2EF6A27CA81E600509485 /* func.swift in Sources */,
				8CD2EFBE27CA820D00509485 /* standaloneUpdateResources.swift in Sources */,
				8CD2EF6D27CA81E600509485 /* HDToggleView.swift in Sources */,
				8CD2EFB427CA820D00509485 /* additionalOCFixes.swift in Sources */,
				8C58A65F27D642EF0081FABC /* fixPickerMode.swift in Sources */,
				8CD2EFC627CA820D00509485 /* downloadDriver.swift in Sources */,
				8CD2EF6227CA81E600509485 /* Login.swift in Sources */,
				8CD2EF6827CA81E600509485 /* Extensions.swift in Sources */,
				8CD2EFC327CA820D00509485 /* findLatestKext.swift in Sources */,
				8CD2EFDB27CA820D00509485 /* updateOCPlist.swift in Sources */,
				8CD2EFBB27CA820D00509485 /* backupEFI.swift in Sources */,
				8CD2EF6027CA81E600509485 /* MainDataProvider.swift in Sources */,
				8C58A65D27D620BC0081FABC /* moveAMLBinariesToStandalone.swift in Sources */,
				8CE439E827CC0CEC0056034E /* requiresOpenRuntimeEfi.swift in Sources */,
				8CD2EFCE27CA820D00509485 /* LeaderStartView.swift in Sources */,
				8CD2EFBF27CA820D00509485 /* getLatestKextPath.swift in Sources */,
				8CD2EFB527CA820D00509485 /* asyncZip.swift in Sources */,
				8CD2EFC927CA820D00509485 /* cleandownloadedDir.swift in Sources */,
				8CD2EFC127CA820D00509485 /* standaloneUpdateKexts.swift in Sources */,
				8CD2EF7427CA81E600509485 /* SheetView.swift in Sources */,
				8CD2EFC427CA820D00509485 /* shouldUpdateLocalKext.swift in Sources */,
				8CD2EFDA27CA820D00509485 /* HAPlistEncoder.swift in Sources */,
				8CD2EF6F27CA81E600509485 /* DragAndDropViewConstructor.swift in Sources */,
				8CD2EF6927CA81E600509485 /* testingFunc.swift in Sources */,
				8CD2EFDC27CA820D00509485 /* getHAPlist.swift in Sources */,
				8CD2EFCA27CA820D00509485 /* EFI.swift in Sources */,
				8CD2EFD227CA820D00509485 /* ACPIView.swift in Sources */,
				8CD2EF6E27CA81E600509485 /* structs.swift in Sources */,
				8C7841D327CD4D10008C8E2A /* getValueWhenTypeDiffers.swift in Sources */,
				8CD2EFBD27CA820D00509485 /* standaloneToolsUpdater.swift in Sources */,
				8CD2EFC227CA820D00509485 /* updateCachedKext.swift in Sources */,
				8CD2EF6527CA81E600509485 /* AMDCoresCount.swift in Sources */,
			);
			runOnlyForDeploymentPostprocessing = 0;
		};
/* End PBXSourcesBuildPhase section */

/* Begin XCBuildConfiguration section */
		8CD2EF1227CA7FA800509485 /* Debug */ = {
			isa = XCBuildConfiguration;
			buildSettings = {
				ALWAYS_SEARCH_USER_PATHS = NO;
				CLANG_ANALYZER_NONNULL = YES;
				CLANG_ANALYZER_NUMBER_OBJECT_CONVERSION = YES_AGGRESSIVE;
				CLANG_CXX_LANGUAGE_STANDARD = "gnu++17";
				CLANG_CXX_LIBRARY = "libc++";
				CLANG_ENABLE_MODULES = YES;
				CLANG_ENABLE_OBJC_ARC = YES;
				CLANG_ENABLE_OBJC_WEAK = YES;
				CLANG_WARN_BLOCK_CAPTURE_AUTORELEASING = YES;
				CLANG_WARN_BOOL_CONVERSION = YES;
				CLANG_WARN_COMMA = YES;
				CLANG_WARN_CONSTANT_CONVERSION = YES;
				CLANG_WARN_DEPRECATED_OBJC_IMPLEMENTATIONS = YES;
				CLANG_WARN_DIRECT_OBJC_ISA_USAGE = YES_ERROR;
				CLANG_WARN_DOCUMENTATION_COMMENTS = YES;
				CLANG_WARN_EMPTY_BODY = YES;
				CLANG_WARN_ENUM_CONVERSION = YES;
				CLANG_WARN_INFINITE_RECURSION = YES;
				CLANG_WARN_INT_CONVERSION = YES;
				CLANG_WARN_NON_LITERAL_NULL_CONVERSION = YES;
				CLANG_WARN_OBJC_IMPLICIT_RETAIN_SELF = YES;
				CLANG_WARN_OBJC_LITERAL_CONVERSION = YES;
				CLANG_WARN_OBJC_ROOT_CLASS = YES_ERROR;
				CLANG_WARN_QUOTED_INCLUDE_IN_FRAMEWORK_HEADER = YES;
				CLANG_WARN_RANGE_LOOP_ANALYSIS = YES;
				CLANG_WARN_STRICT_PROTOTYPES = YES;
				CLANG_WARN_SUSPICIOUS_MOVE = YES;
				CLANG_WARN_UNGUARDED_AVAILABILITY = YES_AGGRESSIVE;
				CLANG_WARN_UNREACHABLE_CODE = YES;
				CLANG_WARN__DUPLICATE_METHOD_MATCH = YES;
				COPY_PHASE_STRIP = NO;
				DEBUG_INFORMATION_FORMAT = dwarf;
				ENABLE_STRICT_OBJC_MSGSEND = YES;
				ENABLE_TESTABILITY = YES;
				GCC_C_LANGUAGE_STANDARD = gnu11;
				GCC_DYNAMIC_NO_PIC = NO;
				GCC_NO_COMMON_BLOCKS = YES;
				GCC_OPTIMIZATION_LEVEL = 0;
				GCC_PREPROCESSOR_DEFINITIONS = (
					"DEBUG=1",
					"$(inherited)",
				);
				GCC_WARN_64_TO_32_BIT_CONVERSION = YES;
				GCC_WARN_ABOUT_RETURN_TYPE = YES_ERROR;
				GCC_WARN_UNDECLARED_SELECTOR = YES;
				GCC_WARN_UNINITIALIZED_AUTOS = YES_AGGRESSIVE;
				GCC_WARN_UNUSED_FUNCTION = YES;
				GCC_WARN_UNUSED_VARIABLE = YES;
				MACOSX_DEPLOYMENT_TARGET = 10.15;
				MTL_ENABLE_DEBUG_INFO = INCLUDE_SOURCE;
				MTL_FAST_MATH = YES;
				ONLY_ACTIVE_ARCH = YES;
				SDKROOT = macosx;
				SWIFT_ACTIVE_COMPILATION_CONDITIONS = DEBUG;
				SWIFT_OPTIMIZATION_LEVEL = "-Onone";
			};
			name = Debug;
		};
		8CD2EF1327CA7FA800509485 /* Release */ = {
			isa = XCBuildConfiguration;
			buildSettings = {
				ALWAYS_SEARCH_USER_PATHS = NO;
				CLANG_ANALYZER_NONNULL = YES;
				CLANG_ANALYZER_NUMBER_OBJECT_CONVERSION = YES_AGGRESSIVE;
				CLANG_CXX_LANGUAGE_STANDARD = "gnu++17";
				CLANG_CXX_LIBRARY = "libc++";
				CLANG_ENABLE_MODULES = YES;
				CLANG_ENABLE_OBJC_ARC = YES;
				CLANG_ENABLE_OBJC_WEAK = YES;
				CLANG_WARN_BLOCK_CAPTURE_AUTORELEASING = YES;
				CLANG_WARN_BOOL_CONVERSION = YES;
				CLANG_WARN_COMMA = YES;
				CLANG_WARN_CONSTANT_CONVERSION = YES;
				CLANG_WARN_DEPRECATED_OBJC_IMPLEMENTATIONS = YES;
				CLANG_WARN_DIRECT_OBJC_ISA_USAGE = YES_ERROR;
				CLANG_WARN_DOCUMENTATION_COMMENTS = YES;
				CLANG_WARN_EMPTY_BODY = YES;
				CLANG_WARN_ENUM_CONVERSION = YES;
				CLANG_WARN_INFINITE_RECURSION = YES;
				CLANG_WARN_INT_CONVERSION = YES;
				CLANG_WARN_NON_LITERAL_NULL_CONVERSION = YES;
				CLANG_WARN_OBJC_IMPLICIT_RETAIN_SELF = YES;
				CLANG_WARN_OBJC_LITERAL_CONVERSION = YES;
				CLANG_WARN_OBJC_ROOT_CLASS = YES_ERROR;
				CLANG_WARN_QUOTED_INCLUDE_IN_FRAMEWORK_HEADER = YES;
				CLANG_WARN_RANGE_LOOP_ANALYSIS = YES;
				CLANG_WARN_STRICT_PROTOTYPES = YES;
				CLANG_WARN_SUSPICIOUS_MOVE = YES;
				CLANG_WARN_UNGUARDED_AVAILABILITY = YES_AGGRESSIVE;
				CLANG_WARN_UNREACHABLE_CODE = YES;
				CLANG_WARN__DUPLICATE_METHOD_MATCH = YES;
				COPY_PHASE_STRIP = NO;
				DEBUG_INFORMATION_FORMAT = "dwarf-with-dsym";
				ENABLE_NS_ASSERTIONS = NO;
				ENABLE_STRICT_OBJC_MSGSEND = YES;
				GCC_C_LANGUAGE_STANDARD = gnu11;
				GCC_NO_COMMON_BLOCKS = YES;
				GCC_WARN_64_TO_32_BIT_CONVERSION = YES;
				GCC_WARN_ABOUT_RETURN_TYPE = YES_ERROR;
				GCC_WARN_UNDECLARED_SELECTOR = YES;
				GCC_WARN_UNINITIALIZED_AUTOS = YES_AGGRESSIVE;
				GCC_WARN_UNUSED_FUNCTION = YES;
				GCC_WARN_UNUSED_VARIABLE = YES;
				MACOSX_DEPLOYMENT_TARGET = 10.15;
				MTL_ENABLE_DEBUG_INFO = NO;
				MTL_FAST_MATH = YES;
				SDKROOT = macosx;
				SWIFT_COMPILATION_MODE = wholemodule;
				SWIFT_OPTIMIZATION_LEVEL = "-O";
			};
			name = Release;
		};
		8CD2EF1527CA7FA800509485 /* Debug */ = {
			isa = XCBuildConfiguration;
			buildSettings = {
				ASSETCATALOG_COMPILER_APPICON_NAME = AppIcon;
				ASSETCATALOG_COMPILER_GLOBAL_ACCENT_COLOR_NAME = AccentColor;
				CLANG_ENABLE_MODULES = YES;
				CODE_SIGN_ENTITLEMENTS = HackinDROM/HackinDROM.entitlements;
				CODE_SIGN_STYLE = Automatic;
				COMBINE_HIDPI_IMAGES = YES;
				CURRENT_PROJECT_VERSION = 5;
				DEVELOPMENT_ASSET_PATHS = "\"HackinDROM/Preview Content\"";
				ENABLE_PREVIEWS = YES;
				GENERATE_INFOPLIST_FILE = YES;
				INFOPLIST_FILE = HackinDROM/Info.plist;
				INFOPLIST_KEY_LSApplicationCategoryType = "public.app-category.utilities";
				INFOPLIST_KEY_NSHumanReadableCopyright = "2021 HackinDROM";
				INFOPLIST_KEY_NSPrincipalClass = NSApplication;
				LD_RUNPATH_SEARCH_PATHS = (
					"$(inherited)",
					"@executable_path/../Frameworks",
				);
				MARKETING_VERSION = 2.1;
				PRODUCT_BUNDLE_IDENTIFIER = Inqnuam.HackinDROM;
				PRODUCT_NAME = "$(TARGET_NAME)";
				SWIFT_EMIT_LOC_STRINGS = YES;
				SWIFT_OBJC_BRIDGING_HEADER = "HackinDROM/HackinDROM-Bridging-Header.h";
				SWIFT_OPTIMIZATION_LEVEL = "-Onone";
				SWIFT_VERSION = 5.0;
			};
			name = Debug;
		};
		8CD2EF1627CA7FA800509485 /* Release */ = {
			isa = XCBuildConfiguration;
			buildSettings = {
				ASSETCATALOG_COMPILER_APPICON_NAME = AppIcon;
				ASSETCATALOG_COMPILER_GLOBAL_ACCENT_COLOR_NAME = AccentColor;
				CLANG_ENABLE_MODULES = YES;
				CODE_SIGN_ENTITLEMENTS = HackinDROM/HackinDROM.entitlements;
				CODE_SIGN_STYLE = Automatic;
				COMBINE_HIDPI_IMAGES = YES;
				CURRENT_PROJECT_VERSION = 5;
				DEVELOPMENT_ASSET_PATHS = "\"HackinDROM/Preview Content\"";
				ENABLE_PREVIEWS = YES;
				GENERATE_INFOPLIST_FILE = YES;
				INFOPLIST_FILE = HackinDROM/Info.plist;
				INFOPLIST_KEY_LSApplicationCategoryType = "public.app-category.utilities";
				INFOPLIST_KEY_NSHumanReadableCopyright = "2021 HackinDROM";
				INFOPLIST_KEY_NSPrincipalClass = NSApplication;
				LD_RUNPATH_SEARCH_PATHS = (
					"$(inherited)",
					"@executable_path/../Frameworks",
				);
				MARKETING_VERSION = 2.1;
				PRODUCT_BUNDLE_IDENTIFIER = Inqnuam.HackinDROM;
				PRODUCT_NAME = "$(TARGET_NAME)";
				SWIFT_EMIT_LOC_STRINGS = YES;
				SWIFT_OBJC_BRIDGING_HEADER = "HackinDROM/HackinDROM-Bridging-Header.h";
				SWIFT_VERSION = 5.0;
			};
			name = Release;
		};
/* End XCBuildConfiguration section */

/* Begin XCConfigurationList section */
		8CD2EF0027CA7FA700509485 /* Build configuration list for PBXProject "HackinDROM" */ = {
			isa = XCConfigurationList;
			buildConfigurations = (
				8CD2EF1227CA7FA800509485 /* Debug */,
				8CD2EF1327CA7FA800509485 /* Release */,
			);
			defaultConfigurationIsVisible = 0;
			defaultConfigurationName = Release;
		};
		8CD2EF1427CA7FA800509485 /* Build configuration list for PBXNativeTarget "HackinDROM" */ = {
			isa = XCConfigurationList;
			buildConfigurations = (
				8CD2EF1527CA7FA800509485 /* Debug */,
				8CD2EF1627CA7FA800509485 /* Release */,
			);
			defaultConfigurationIsVisible = 0;
			defaultConfigurationName = Release;
		};
/* End XCConfigurationList section */

/* Begin XCRemoteSwiftPackageReference section */
		8CD2EF2327CA807600509485 /* XCRemoteSwiftPackageReference "LaunchAtLogin" */ = {
			isa = XCRemoteSwiftPackageReference;
			repositoryURL = "https://github.com/sindresorhus/LaunchAtLogin";
			requirement = {
				branch = main;
				kind = branch;
			};
		};
		8CD2EF2627CA808B00509485 /* XCRemoteSwiftPackageReference "SwiftUI-Introspect" */ = {
			isa = XCRemoteSwiftPackageReference;
			repositoryURL = "https://github.com/siteline/SwiftUI-Introspect";
			requirement = {
				kind = upToNextMajorVersion;
				minimumVersion = 0.1.4;
			};
		};
		8CD2EF2927CA809900509485 /* XCRemoteSwiftPackageReference "Version" */ = {
			isa = XCRemoteSwiftPackageReference;
			repositoryURL = "https://github.com/mxcl/Version";
			requirement = {
				kind = upToNextMajorVersion;
				minimumVersion = 2.0.0;
			};
		};
		8CD2EF2C27CA80A800509485 /* XCRemoteSwiftPackageReference "FeedKit" */ = {
			isa = XCRemoteSwiftPackageReference;
			repositoryURL = "https://github.com/nmdias/FeedKit.git";
			requirement = {
				kind = upToNextMajorVersion;
				minimumVersion = 9.0.0;
			};
		};
		8CD2EFE327CA99C700509485 /* XCRemoteSwiftPackageReference "Zip" */ = {
			isa = XCRemoteSwiftPackageReference;
			repositoryURL = "https://github.com/marmelroy/Zip";
			requirement = {
				kind = revision;
				revision = 059e7346082d02de16220cd79df7db18ddeba8c3;
			};
		};
/* End XCRemoteSwiftPackageReference section */

/* Begin XCSwiftPackageProductDependency section */
		8CD2EF2427CA807600509485 /* LaunchAtLogin */ = {
			isa = XCSwiftPackageProductDependency;
			package = 8CD2EF2327CA807600509485 /* XCRemoteSwiftPackageReference "LaunchAtLogin" */;
			productName = LaunchAtLogin;
		};
		8CD2EF2727CA808B00509485 /* Introspect */ = {
			isa = XCSwiftPackageProductDependency;
			package = 8CD2EF2627CA808B00509485 /* XCRemoteSwiftPackageReference "SwiftUI-Introspect" */;
			productName = Introspect;
		};
		8CD2EF2A27CA809900509485 /* Version */ = {
			isa = XCSwiftPackageProductDependency;
			package = 8CD2EF2927CA809900509485 /* XCRemoteSwiftPackageReference "Version" */;
			productName = Version;
		};
		8CD2EF2D27CA80A800509485 /* FeedKit */ = {
			isa = XCSwiftPackageProductDependency;
			package = 8CD2EF2C27CA80A800509485 /* XCRemoteSwiftPackageReference "FeedKit" */;
			productName = FeedKit;
		};
		8CD2EFE427CA99C700509485 /* Zip */ = {
			isa = XCSwiftPackageProductDependency;
			package = 8CD2EFE327CA99C700509485 /* XCRemoteSwiftPackageReference "Zip" */;
			productName = Zip;
		};
/* End XCSwiftPackageProductDependency section */
	};
	rootObject = 8CD2EEFD27CA7FA700509485 /* Project object */;
}
